
Microsoft Visual Studio Solution File, Format Version 12.00
# Visual Studio Version 16
VisualStudioVersion = 16.0.30503.244
MinimumVisualStudioVersion = 10.0.40219.1
Project("{FAE04EC0-301F-11D3-BF4B-00C04F79EFBC}") = "MISA.Cukcuk", "MISA.Cukcuk\MISA.Cukcuk.csproj", "{253393B9-1FBB-40F7-8915-46ED120E0DFF}"
EndProject
Global
	GlobalSection(SolutionConfigurationPlatforms) = preSolution
		Debug|Any CPU = Debug|Any CPU
		Release|Any CPU = Release|Any CPU
	EndGlobalSection
	GlobalSection(ProjectConfigurationPlatforms) = postSolution
		{253393B9-1FBB-40F7-8915-46ED120E0DFF}.Debug|Any CPU.ActiveCfg = Debug|Any CPU
		{253393B9-1FBB-40F7-8915-46ED120E0DFF}.Debug|Any CPU.Build.0 = Debug|Any CPU
		{253393B9-1FBB-40F7-8915-46ED120E0DFF}.Release|Any CPU.ActiveCfg = Release|Any CPU
		{253393B9-1FBB-40F7-8915-46ED120E0DFF}.Release|Any CPU.Build.0 = Release|Any CPU
	EndGlobalSection
	GlobalSection(SolutionProperties) = preSolution
		HideSolutionNode = FALSE
	EndGlobalSection
	GlobalSection(ExtensibilityGlobals) = postSolution
		SolutionGuid = {E5EBD9CD-C95F-49A1-9B6B-AE746ACB31F2}
	EndGlobalSection
EndGlobal
